
Microsoft Visual Studio Solution File, Format Version 12.00
# Visual Studio Version 17
VisualStudioVersion = 17.5.002.0
MinimumVisualStudioVersion = 10.0.40219.1
Project("{9A19103F-16F7-4668-BE54-9A1E7A4F7556}") = "Calculadora", "Calculadora.csproj", "{EB1BD510-C687-4896-82DA-336FD4725782}"
EndProject
Global
	GlobalSection(SolutionConfigurationPlatforms) = preSolution
		Debug|Any CPU = Debug|Any CPU
		Release|Any CPU = Release|Any CPU
	EndGlobalSection
	GlobalSection(ProjectConfigurationPlatforms) = postSolution
		{EB1BD510-C687-4896-82DA-336FD4725782}.Debug|Any CPU.ActiveCfg = Debug|Any CPU
		{EB1BD510-C687-4896-82DA-336FD4725782}.Debug|Any CPU.Build.0 = Debug|Any CPU
		{EB1BD510-C687-4896-82DA-336FD4725782}.Release|Any CPU.ActiveCfg = Release|Any CPU
		{EB1BD510-C687-4896-82DA-336FD4725782}.Release|Any CPU.Build.0 = Release|Any CPU
	EndGlobalSection
	GlobalSection(SolutionProperties) = preSolution
		HideSolutionNode = FALSE
	EndGlobalSection
	GlobalSection(ExtensibilityGlobals) = postSolution
		SolutionGuid = {15D47FD3-49EB-48C0-9C6E-76A1C811F1A6}
	EndGlobalSection
EndGlobal
